{
  "name": "discluster-master",
  "version": "0.0.1",
  "lockfileVersion": 2,
  "requires": true,
  "packages": {
    "": {
      "name": "discluster-master",
      "version": "0.0.1",
      "license": "MIT",
      "dependencies": {
        "@types/node": "^14.14.5",
        "@types/ws": "^7.2.8",
        "ws": "^7.3.1"
      }
    },
    "node_modules/@types/node": {
      "version": "14.14.5",
      "resolved": "https://registry.npmjs.org/@types/node/-/node-14.14.5.tgz",
      "integrity": "sha512-H5Wn24s/ZOukBmDn03nnGTp18A60ny9AmCwnEcgJiTgSGsCO7k+NWP7zjCCbhlcnVCoI+co52dUAt9GMhOSULw=="
    },
    "node_modules/@types/ws": {
      "version": "7.2.8",
      "resolved": "https://registry.npmjs.org/@types/ws/-/ws-7.2.8.tgz",
      "integrity": "sha512-LGtjDQxcMk4uU7ET85qJWYLwCdsSxLRxqOums/SDDWJw/BCCgFrOvqcvly6rGNkB/OkOiUaRzzhz8pchuxXr7w==",
      "dependencies": {
        "@types/node": "*"
      }
    },
    "node_modules/ws": {
      "version": "7.3.1",
      "resolved": "https://registry.npmjs.org/ws/-/ws-7.3.1.tgz",
      "integrity": "sha512-D3RuNkynyHmEJIpD2qrgVkc9DQ23OrN/moAwZX4L8DfvszsJxpjQuUq3LMx6HoYji9fbIOBY18XWBsAux1ZZUA==",
      "engines": {
        "node": ">=8.3.0"
      },
      "peerDependencies": {
        "bufferutil": "^4.0.1",
        "utf-8-validate": "^5.0.2"
      },
      "peerDependenciesMeta": {
        "bufferutil": {
          "optional": true
        },
        "utf-8-validate": {
          "optional": true
        }
      }
    }
  },
  "dependencies": {
    "@types/node": {
      "version": "14.14.5",
      "resolved": "https://registry.npmjs.org/@types/node/-/node-14.14.5.tgz",
      "integrity": "sha512-H5Wn24s/ZOukBmDn03nnGTp18A60ny9AmCwnEcgJiTgSGsCO7k+NWP7zjCCbhlcnVCoI+co52dUAt9GMhOSULw=="
    },
    "@types/ws": {
      "version": "7.2.8",
      "resolved": "https://registry.npmjs.org/@types/ws/-/ws-7.2.8.tgz",
      "integrity": "sha512-LGtjDQxcMk4uU7ET85qJWYLwCdsSxLRxqOums/SDDWJw/BCCgFrOvqcvly6rGNkB/OkOiUaRzzhz8pchuxXr7w==",
      "requires": {
        "@types/node": "*"
      }
    },
    "ws": {
      "version": "7.3.1",
      "resolved": "https://registry.npmjs.org/ws/-/ws-7.3.1.tgz",
      "integrity": "sha512-D3RuNkynyHmEJIpD2qrgVkc9DQ23OrN/moAwZX4L8DfvszsJxpjQuUq3LMx6HoYji9fbIOBY18XWBsAux1ZZUA==",
      "requires": {}
    }
  }
}
